
Microsoft Visual Studio Solution File, Format Version 12.00
# Visual Studio 14
VisualStudioVersion = 14.0.24720.0
MinimumVisualStudioVersion = 10.0.40219.1
Project("{FAE04EC0-301F-11D3-BF4B-00C04F79EFBC}") = "PasswordGenerator.Console", "PasswordGenerator.Console\PasswordGenerator.Console.csproj", "{2CB40D77-122C-4AB5-83EC-B3CF944D39AF}"
EndProject
Project("{2150E333-8FDC-42A3-9474-1A3956D46DE8}") = "Solution Items", "Solution Items", "{A3D75FE0-D4E8-4073-BACB-29332F16A7F2}"
	ProjectSection(SolutionItems) = preProject
		ReadMe.md = ReadMe.md
	EndProjectSection
EndProject
Project("{FAE04EC0-301F-11D3-BF4B-00C04F79EFBC}") = "PasswordGenerator.Android", "PasswordGenerator.Android\PasswordGenerator.Android.csproj", "{58464698-7403-4893-A21B-C65F9FB05C7A}"
EndProject
Project("{FAE04EC0-301F-11D3-BF4B-00C04F79EFBC}") = "PasswordGenerator.WPF", "PasswordGenerator.WPF\PasswordGenerator.WPF.csproj", "{E19BE970-F29D-40F7-8BE5-868EF7D1BEAD}"
EndProject
Project("{FAE04EC0-301F-11D3-BF4B-00C04F79EFBC}") = "PasswordGenerator.Core", "PasswordGenerator.Core\PasswordGenerator.Core.csproj", "{70463373-6523-4C89-BFF7-80A5F519A295}"
EndProject
Global
	GlobalSection(SolutionConfigurationPlatforms) = preSolution
		Debug|Android = Debug|Android
		Debug|Any CPU = Debug|Any CPU
		Debug|iOS = Debug|iOS
		Debug|Windows Phone (Universal) = Debug|Windows Phone (Universal)
		Debug|Windows Phone 8 = Debug|Windows Phone 8
		Debug|Windows-AnyCPU = Debug|Windows-AnyCPU
		Debug|Windows-ARM = Debug|Windows-ARM
		Debug|Windows-x64 = Debug|Windows-x64
		Debug|Windows-x86 = Debug|Windows-x86
		Release|Android = Release|Android
		Release|Any CPU = Release|Any CPU
		Release|iOS = Release|iOS
		Release|Windows Phone (Universal) = Release|Windows Phone (Universal)
		Release|Windows Phone 8 = Release|Windows Phone 8
		Release|Windows-AnyCPU = Release|Windows-AnyCPU
		Release|Windows-ARM = Release|Windows-ARM
		Release|Windows-x64 = Release|Windows-x64
		Release|Windows-x86 = Release|Windows-x86
	EndGlobalSection
	GlobalSection(ProjectConfigurationPlatforms) = postSolution
		{2CB40D77-122C-4AB5-83EC-B3CF944D39AF}.Debug|Android.ActiveCfg = Debug|Any CPU
		{2CB40D77-122C-4AB5-83EC-B3CF944D39AF}.Debug|Android.Build.0 = Debug|Any CPU
		{2CB40D77-122C-4AB5-83EC-B3CF944D39AF}.Debug|Any CPU.ActiveCfg = Debug|Any CPU
		{2CB40D77-122C-4AB5-83EC-B3CF944D39AF}.Debug|Any CPU.Build.0 = Debug|Any CPU
		{2CB40D77-122C-4AB5-83EC-B3CF944D39AF}.Debug|iOS.ActiveCfg = Debug|Any CPU
		{2CB40D77-122C-4AB5-83EC-B3CF944D39AF}.Debug|iOS.Build.0 = Debug|Any CPU
		{2CB40D77-122C-4AB5-83EC-B3CF944D39AF}.Debug|Windows Phone (Universal).ActiveCfg = Debug|Any CPU
		{2CB40D77-122C-4AB5-83EC-B3CF944D39AF}.Debug|Windows Phone (Universal).Build.0 = Debug|Any CPU
		{2CB40D77-122C-4AB5-83EC-B3CF944D39AF}.Debug|Windows Phone 8.ActiveCfg = Debug|Any CPU
		{2CB40D77-122C-4AB5-83EC-B3CF944D39AF}.Debug|Windows Phone 8.Build.0 = Debug|Any CPU
		{2CB40D77-122C-4AB5-83EC-B3CF944D39AF}.Debug|Windows-AnyCPU.ActiveCfg = Debug|Any CPU
		{2CB40D77-122C-4AB5-83EC-B3CF944D39AF}.Debug|Windows-AnyCPU.Build.0 = Debug|Any CPU
		{2CB40D77-122C-4AB5-83EC-B3CF944D39AF}.Debug|Windows-ARM.ActiveCfg = Debug|Any CPU
		{2CB40D77-122C-4AB5-83EC-B3CF944D39AF}.Debug|Windows-ARM.Build.0 = Debug|Any CPU
		{2CB40D77-122C-4AB5-83EC-B3CF944D39AF}.Debug|Windows-x64.ActiveCfg = Debug|Any CPU
		{2CB40D77-122C-4AB5-83EC-B3CF944D39AF}.Debug|Windows-x64.Build.0 = Debug|Any CPU
		{2CB40D77-122C-4AB5-83EC-B3CF944D39AF}.Debug|Windows-x86.ActiveCfg = Debug|Any CPU
		{2CB40D77-122C-4AB5-83EC-B3CF944D39AF}.Debug|Windows-x86.Build.0 = Debug|Any CPU
		{2CB40D77-122C-4AB5-83EC-B3CF944D39AF}.Release|Android.ActiveCfg = Release|Any CPU
		{2CB40D77-122C-4AB5-83EC-B3CF944D39AF}.Release|Android.Build.0 = Release|Any CPU
		{2CB40D77-122C-4AB5-83EC-B3CF944D39AF}.Release|Any CPU.ActiveCfg = Release|Any CPU
		{2CB40D77-122C-4AB5-83EC-B3CF944D39AF}.Release|Any CPU.Build.0 = Release|Any CPU
		{2CB40D77-122C-4AB5-83EC-B3CF944D39AF}.Release|iOS.ActiveCfg = Release|Any CPU
		{2CB40D77-122C-4AB5-83EC-B3CF944D39AF}.Release|iOS.Build.0 = Release|Any CPU
		{2CB40D77-122C-4AB5-83EC-B3CF944D39AF}.Release|Windows Phone (Universal).ActiveCfg = Release|Any CPU
		{2CB40D77-122C-4AB5-83EC-B3CF944D39AF}.Release|Windows Phone (Universal).Build.0 = Release|Any CPU
		{2CB40D77-122C-4AB5-83EC-B3CF944D39AF}.Release|Windows Phone 8.ActiveCfg = Release|Any CPU
		{2CB40D77-122C-4AB5-83EC-B3CF944D39AF}.Release|Windows Phone 8.Build.0 = Release|Any CPU
		{2CB40D77-122C-4AB5-83EC-B3CF944D39AF}.Release|Windows-AnyCPU.ActiveCfg = Release|Any CPU
		{2CB40D77-122C-4AB5-83EC-B3CF944D39AF}.Release|Windows-AnyCPU.Build.0 = Release|Any CPU
		{2CB40D77-122C-4AB5-83EC-B3CF944D39AF}.Release|Windows-ARM.ActiveCfg = Release|Any CPU
		{2CB40D77-122C-4AB5-83EC-B3CF944D39AF}.Release|Windows-ARM.Build.0 = Release|Any CPU
		{2CB40D77-122C-4AB5-83EC-B3CF944D39AF}.Release|Windows-x64.ActiveCfg = Release|Any CPU
		{2CB40D77-122C-4AB5-83EC-B3CF944D39AF}.Release|Windows-x64.Build.0 = Release|Any CPU
		{2CB40D77-122C-4AB5-83EC-B3CF944D39AF}.Release|Windows-x86.ActiveCfg = Release|Any CPU
		{2CB40D77-122C-4AB5-83EC-B3CF944D39AF}.Release|Windows-x86.Build.0 = Release|Any CPU
		{58464698-7403-4893-A21B-C65F9FB05C7A}.Debug|Android.ActiveCfg = Debug|Any CPU
		{58464698-7403-4893-A21B-C65F9FB05C7A}.Debug|Android.Build.0 = Debug|Any CPU
		{58464698-7403-4893-A21B-C65F9FB05C7A}.Debug|Android.Deploy.0 = Debug|Any CPU
		{58464698-7403-4893-A21B-C65F9FB05C7A}.Debug|Any CPU.ActiveCfg = Debug|Any CPU
		{58464698-7403-4893-A21B-C65F9FB05C7A}.Debug|Any CPU.Build.0 = Debug|Any CPU
		{58464698-7403-4893-A21B-C65F9FB05C7A}.Debug|Any CPU.Deploy.0 = Debug|Any CPU
		{58464698-7403-4893-A21B-C65F9FB05C7A}.Debug|iOS.ActiveCfg = Debug|Any CPU
		{58464698-7403-4893-A21B-C65F9FB05C7A}.Debug|iOS.Build.0 = Debug|Any CPU
		{58464698-7403-4893-A21B-C65F9FB05C7A}.Debug|iOS.Deploy.0 = Debug|Any CPU
		{58464698-7403-4893-A21B-C65F9FB05C7A}.Debug|Windows Phone (Universal).ActiveCfg = Debug|Any CPU
		{58464698-7403-4893-A21B-C65F9FB05C7A}.Debug|Windows Phone (Universal).Build.0 = Debug|Any CPU
		{58464698-7403-4893-A21B-C65F9FB05C7A}.Debug|Windows Phone (Universal).Deploy.0 = Debug|Any CPU
		{58464698-7403-4893-A21B-C65F9FB05C7A}.Debug|Windows Phone 8.ActiveCfg = Debug|Any CPU
		{58464698-7403-4893-A21B-C65F9FB05C7A}.Debug|Windows Phone 8.Build.0 = Debug|Any CPU
		{58464698-7403-4893-A21B-C65F9FB05C7A}.Debug|Windows Phone 8.Deploy.0 = Debug|Any CPU
		{58464698-7403-4893-A21B-C65F9FB05C7A}.Debug|Windows-AnyCPU.ActiveCfg = Debug|Any CPU
		{58464698-7403-4893-A21B-C65F9FB05C7A}.Debug|Windows-AnyCPU.Build.0 = Debug|Any CPU
		{58464698-7403-4893-A21B-C65F9FB05C7A}.Debug|Windows-AnyCPU.Deploy.0 = Debug|Any CPU
		{58464698-7403-4893-A21B-C65F9FB05C7A}.Debug|Windows-ARM.ActiveCfg = Debug|Any CPU
		{58464698-7403-4893-A21B-C65F9FB05C7A}.Debug|Windows-ARM.Build.0 = Debug|Any CPU
		{58464698-7403-4893-A21B-C65F9FB05C7A}.Debug|Windows-ARM.Deploy.0 = Debug|Any CPU
		{58464698-7403-4893-A21B-C65F9FB05C7A}.Debug|Windows-x64.ActiveCfg = Debug|Any CPU
		{58464698-7403-4893-A21B-C65F9FB05C7A}.Debug|Windows-x64.Build.0 = Debug|Any CPU
		{58464698-7403-4893-A21B-C65F9FB05C7A}.Debug|Windows-x64.Deploy.0 = Debug|Any CPU
		{58464698-7403-4893-A21B-C65F9FB05C7A}.Debug|Windows-x86.ActiveCfg = Debug|Any CPU
		{58464698-7403-4893-A21B-C65F9FB05C7A}.Debug|Windows-x86.Build.0 = Debug|Any CPU
		{58464698-7403-4893-A21B-C65F9FB05C7A}.Debug|Windows-x86.Deploy.0 = Debug|Any CPU
		{58464698-7403-4893-A21B-C65F9FB05C7A}.Release|Android.ActiveCfg = Release|Any CPU
		{58464698-7403-4893-A21B-C65F9FB05C7A}.Release|Android.Build.0 = Release|Any CPU
		{58464698-7403-4893-A21B-C65F9FB05C7A}.Release|Android.Deploy.0 = Release|Any CPU
		{58464698-7403-4893-A21B-C65F9FB05C7A}.Release|Any CPU.ActiveCfg = Release|Any CPU
		{58464698-7403-4893-A21B-C65F9FB05C7A}.Release|Any CPU.Build.0 = Release|Any CPU
		{58464698-7403-4893-A21B-C65F9FB05C7A}.Release|Any CPU.Deploy.0 = Release|Any CPU
		{58464698-7403-4893-A21B-C65F9FB05C7A}.Release|iOS.ActiveCfg = Release|Any CPU
		{58464698-7403-4893-A21B-C65F9FB05C7A}.Release|iOS.Build.0 = Release|Any CPU
		{58464698-7403-4893-A21B-C65F9FB05C7A}.Release|iOS.Deploy.0 = Release|Any CPU
		{58464698-7403-4893-A21B-C65F9FB05C7A}.Release|Windows Phone (Universal).ActiveCfg = Release|Any CPU
		{58464698-7403-4893-A21B-C65F9FB05C7A}.Release|Windows Phone (Universal).Build.0 = Release|Any CPU
		{58464698-7403-4893-A21B-C65F9FB05C7A}.Release|Windows Phone (Universal).Deploy.0 = Release|Any CPU
		{58464698-7403-4893-A21B-C65F9FB05C7A}.Release|Windows Phone 8.ActiveCfg = Release|Any CPU
		{58464698-7403-4893-A21B-C65F9FB05C7A}.Release|Windows Phone 8.Build.0 = Release|Any CPU
		{58464698-7403-4893-A21B-C65F9FB05C7A}.Release|Windows Phone 8.Deploy.0 = Release|Any CPU
		{58464698-7403-4893-A21B-C65F9FB05C7A}.Release|Windows-AnyCPU.ActiveCfg = Release|Any CPU
		{58464698-7403-4893-A21B-C65F9FB05C7A}.Release|Windows-AnyCPU.Build.0 = Release|Any CPU
		{58464698-7403-4893-A21B-C65F9FB05C7A}.Release|Windows-AnyCPU.Deploy.0 = Release|Any CPU
		{58464698-7403-4893-A21B-C65F9FB05C7A}.Release|Windows-ARM.ActiveCfg = Release|Any CPU
		{58464698-7403-4893-A21B-C65F9FB05C7A}.Release|Windows-ARM.Build.0 = Release|Any CPU
		{58464698-7403-4893-A21B-C65F9FB05C7A}.Release|Windows-ARM.Deploy.0 = Release|Any CPU
		{58464698-7403-4893-A21B-C65F9FB05C7A}.Release|Windows-x64.ActiveCfg = Release|Any CPU
		{58464698-7403-4893-A21B-C65F9FB05C7A}.Release|Windows-x64.Build.0 = Release|Any CPU
		{58464698-7403-4893-A21B-C65F9FB05C7A}.Release|Windows-x64.Deploy.0 = Release|Any CPU
		{58464698-7403-4893-A21B-C65F9FB05C7A}.Release|Windows-x86.ActiveCfg = Release|Any CPU
		{58464698-7403-4893-A21B-C65F9FB05C7A}.Release|Windows-x86.Build.0 = Release|Any CPU
		{58464698-7403-4893-A21B-C65F9FB05C7A}.Release|Windows-x86.Deploy.0 = Release|Any CPU
		{E19BE970-F29D-40F7-8BE5-868EF7D1BEAD}.Debug|Android.ActiveCfg = Debug|Any CPU
		{E19BE970-F29D-40F7-8BE5-868EF7D1BEAD}.Debug|Android.Build.0 = Debug|Any CPU
		{E19BE970-F29D-40F7-8BE5-868EF7D1BEAD}.Debug|Any CPU.ActiveCfg = Debug|Any CPU
		{E19BE970-F29D-40F7-8BE5-868EF7D1BEAD}.Debug|Any CPU.Build.0 = Debug|Any CPU
		{E19BE970-F29D-40F7-8BE5-868EF7D1BEAD}.Debug|iOS.ActiveCfg = Debug|Any CPU
		{E19BE970-F29D-40F7-8BE5-868EF7D1BEAD}.Debug|iOS.Build.0 = Debug|Any CPU
		{E19BE970-F29D-40F7-8BE5-868EF7D1BEAD}.Debug|Windows Phone (Universal).ActiveCfg = Debug|Any CPU
		{E19BE970-F29D-40F7-8BE5-868EF7D1BEAD}.Debug|Windows Phone (Universal).Build.0 = Debug|Any CPU
		{E19BE970-F29D-40F7-8BE5-868EF7D1BEAD}.Debug|Windows Phone 8.ActiveCfg = Debug|Any CPU
		{E19BE970-F29D-40F7-8BE5-868EF7D1BEAD}.Debug|Windows Phone 8.Build.0 = Debug|Any CPU
		{E19BE970-F29D-40F7-8BE5-868EF7D1BEAD}.Debug|Windows-AnyCPU.ActiveCfg = Debug|Any CPU
		{E19BE970-F29D-40F7-8BE5-868EF7D1BEAD}.Debug|Windows-AnyCPU.Build.0 = Debug|Any CPU
		{E19BE970-F29D-40F7-8BE5-868EF7D1BEAD}.Debug|Windows-ARM.ActiveCfg = Debug|Any CPU
		{E19BE970-F29D-40F7-8BE5-868EF7D1BEAD}.Debug|Windows-ARM.Build.0 = Debug|Any CPU
		{E19BE970-F29D-40F7-8BE5-868EF7D1BEAD}.Debug|Windows-x64.ActiveCfg = Debug|Any CPU
		{E19BE970-F29D-40F7-8BE5-868EF7D1BEAD}.Debug|Windows-x64.Build.0 = Debug|Any CPU
		{E19BE970-F29D-40F7-8BE5-868EF7D1BEAD}.Debug|Windows-x86.ActiveCfg = Debug|Any CPU
		{E19BE970-F29D-40F7-8BE5-868EF7D1BEAD}.Debug|Windows-x86.Build.0 = Debug|Any CPU
		{E19BE970-F29D-40F7-8BE5-868EF7D1BEAD}.Release|Android.ActiveCfg = Release|Any CPU
		{E19BE970-F29D-40F7-8BE5-868EF7D1BEAD}.Release|Android.Build.0 = Release|Any CPU
		{E19BE970-F29D-40F7-8BE5-868EF7D1BEAD}.Release|Any CPU.ActiveCfg = Release|Any CPU
		{E19BE970-F29D-40F7-8BE5-868EF7D1BEAD}.Release|Any CPU.Build.0 = Release|Any CPU
		{E19BE970-F29D-40F7-8BE5-868EF7D1BEAD}.Release|iOS.ActiveCfg = Release|Any CPU
		{E19BE970-F29D-40F7-8BE5-868EF7D1BEAD}.Release|iOS.Build.0 = Release|Any CPU
		{E19BE970-F29D-40F7-8BE5-868EF7D1BEAD}.Release|Windows Phone (Universal).ActiveCfg = Release|Any CPU
		{E19BE970-F29D-40F7-8BE5-868EF7D1BEAD}.Release|Windows Phone (Universal).Build.0 = Release|Any CPU
		{E19BE970-F29D-40F7-8BE5-868EF7D1BEAD}.Release|Windows Phone 8.ActiveCfg = Release|Any CPU
		{E19BE970-F29D-40F7-8BE5-868EF7D1BEAD}.Release|Windows Phone 8.Build.0 = Release|Any CPU
		{E19BE970-F29D-40F7-8BE5-868EF7D1BEAD}.Release|Windows-AnyCPU.ActiveCfg = Release|Any CPU
		{E19BE970-F29D-40F7-8BE5-868EF7D1BEAD}.Release|Windows-AnyCPU.Build.0 = Release|Any CPU
		{E19BE970-F29D-40F7-8BE5-868EF7D1BEAD}.Release|Windows-ARM.ActiveCfg = Release|Any CPU
		{E19BE970-F29D-40F7-8BE5-868EF7D1BEAD}.Release|Windows-ARM.Build.0 = Release|Any CPU
		{E19BE970-F29D-40F7-8BE5-868EF7D1BEAD}.Release|Windows-x64.ActiveCfg = Release|Any CPU
		{E19BE970-F29D-40F7-8BE5-868EF7D1BEAD}.Release|Windows-x64.Build.0 = Release|Any CPU
		{E19BE970-F29D-40F7-8BE5-868EF7D1BEAD}.Release|Windows-x86.ActiveCfg = Release|Any CPU
		{E19BE970-F29D-40F7-8BE5-868EF7D1BEAD}.Release|Windows-x86.Build.0 = Release|Any CPU
		{70463373-6523-4C89-BFF7-80A5F519A295}.Debug|Android.ActiveCfg = Debug|Any CPU
		{70463373-6523-4C89-BFF7-80A5F519A295}.Debug|Android.Build.0 = Debug|Any CPU
		{70463373-6523-4C89-BFF7-80A5F519A295}.Debug|Any CPU.ActiveCfg = Debug|Any CPU
		{70463373-6523-4C89-BFF7-80A5F519A295}.Debug|Any CPU.Build.0 = Debug|Any CPU
		{70463373-6523-4C89-BFF7-80A5F519A295}.Debug|iOS.ActiveCfg = Debug|Any CPU
		{70463373-6523-4C89-BFF7-80A5F519A295}.Debug|iOS.Build.0 = Debug|Any CPU
		{70463373-6523-4C89-BFF7-80A5F519A295}.Debug|Windows Phone (Universal).ActiveCfg = Debug|Any CPU
		{70463373-6523-4C89-BFF7-80A5F519A295}.Debug|Windows Phone (Universal).Build.0 = Debug|Any CPU
		{70463373-6523-4C89-BFF7-80A5F519A295}.Debug|Windows Phone 8.ActiveCfg = Debug|Any CPU
		{70463373-6523-4C89-BFF7-80A5F519A295}.Debug|Windows Phone 8.Build.0 = Debug|Any CPU
		{70463373-6523-4C89-BFF7-80A5F519A295}.Debug|Windows-AnyCPU.ActiveCfg = Debug|Any CPU
		{70463373-6523-4C89-BFF7-80A5F519A295}.Debug|Windows-AnyCPU.Build.0 = Debug|Any CPU
		{70463373-6523-4C89-BFF7-80A5F519A295}.Debug|Windows-ARM.ActiveCfg = Debug|Any CPU
		{70463373-6523-4C89-BFF7-80A5F519A295}.Debug|Windows-ARM.Build.0 = Debug|Any CPU
		{70463373-6523-4C89-BFF7-80A5F519A295}.Debug|Windows-x64.ActiveCfg = Debug|Any CPU
		{70463373-6523-4C89-BFF7-80A5F519A295}.Debug|Windows-x64.Build.0 = Debug|Any CPU
		{70463373-6523-4C89-BFF7-80A5F519A295}.Debug|Windows-x86.ActiveCfg = Debug|Any CPU
		{70463373-6523-4C89-BFF7-80A5F519A295}.Debug|Windows-x86.Build.0 = Debug|Any CPU
		{70463373-6523-4C89-BFF7-80A5F519A295}.Release|Android.ActiveCfg = Release|Any CPU
		{70463373-6523-4C89-BFF7-80A5F519A295}.Release|Android.Build.0 = Release|Any CPU
		{70463373-6523-4C89-BFF7-80A5F519A295}.Release|Any CPU.ActiveCfg = Release|Any CPU
		{70463373-6523-4C89-BFF7-80A5F519A295}.Release|Any CPU.Build.0 = Release|Any CPU
		{70463373-6523-4C89-BFF7-80A5F519A295}.Release|iOS.ActiveCfg = Release|Any CPU
		{70463373-6523-4C89-BFF7-80A5F519A295}.Release|iOS.Build.0 = Release|Any CPU
		{70463373-6523-4C89-BFF7-80A5F519A295}.Release|Windows Phone (Universal).ActiveCfg = Release|Any CPU
		{70463373-6523-4C89-BFF7-80A5F519A295}.Release|Windows Phone (Universal).Build.0 = Release|Any CPU
		{70463373-6523-4C89-BFF7-80A5F519A295}.Release|Windows Phone 8.ActiveCfg = Release|Any CPU
		{70463373-6523-4C89-BFF7-80A5F519A295}.Release|Windows Phone 8.Build.0 = Release|Any CPU
		{70463373-6523-4C89-BFF7-80A5F519A295}.Release|Windows-AnyCPU.ActiveCfg = Release|Any CPU
		{70463373-6523-4C89-BFF7-80A5F519A295}.Release|Windows-AnyCPU.Build.0 = Release|Any CPU
		{70463373-6523-4C89-BFF7-80A5F519A295}.Release|Windows-ARM.ActiveCfg = Release|Any CPU
		{70463373-6523-4C89-BFF7-80A5F519A295}.Release|Windows-ARM.Build.0 = Release|Any CPU
		{70463373-6523-4C89-BFF7-80A5F519A295}.Release|Windows-x64.ActiveCfg = Release|Any CPU
		{70463373-6523-4C89-BFF7-80A5F519A295}.Release|Windows-x64.Build.0 = Release|Any CPU
		{70463373-6523-4C89-BFF7-80A5F519A295}.Release|Windows-x86.ActiveCfg = Release|Any CPU
		{70463373-6523-4C89-BFF7-80A5F519A295}.Release|Windows-x86.Build.0 = Release|Any CPU
	EndGlobalSection
	GlobalSection(SolutionProperties) = preSolution
		HideSolutionNode = FALSE
	EndGlobalSection
EndGlobal
